
Microsoft Visual Studio Solution File, Format Version 12.00
# Visual Studio 14
VisualStudioVersion = 14.0.24720.0
MinimumVisualStudioVersion = 10.0.40219.1
Project("{2150E333-8FDC-42A3-9474-1A3956D46DE8}") = "src", "src", "{14285CEC-1AAE-4496-8C11-64E71D06A77D}"
EndProject
Project("{2150E333-8FDC-42A3-9474-1A3956D46DE8}") = "Solution Items", "Solution Items", "{6A00F886-1944-4AE0-A50F-6879E4045011}"
	ProjectSection(SolutionItems) = preProject
		global.json = global.json
	EndProjectSection
EndProject
Project("{8BB2217D-0F2D-49D1-97BC-3654ED321F3B}") = "Ubik.Infra", "src\Ubik.Infra\Ubik.Infra.xproj", "{B17137BA-A273-4C85-9638-977896360226}"
EndProject
Project("{8BB2217D-0F2D-49D1-97BC-3654ED321F3B}") = "Ubik.Cache", "src\Ubik.Cache\Ubik.Cache.xproj", "{CCCE4D1B-EE5C-42EA-98A8-90377F1464E0}"
EndProject
Project("{8BB2217D-0F2D-49D1-97BC-3654ED321F3B}") = "Ubik.EF6", "src\Ubik.EF6\Ubik.EF6.xproj", "{73DA9BCB-222B-4D43-A22E-852FBEDC9DD8}"
EndProject
Project("{8BB2217D-0F2D-49D1-97BC-3654ED321F3B}") = "Ubik.Web.Basis", "src\Ubik.Web.Basis\Ubik.Web.Basis.xproj", "{BE6CC8F2-2489-4A90-BB23-549D4FF4BCC7}"
EndProject
Project("{8BB2217D-0F2D-49D1-97BC-3654ED321F3B}") = "Ubik.Web.Components", "src\Ubik.Web.Components\Ubik.Web.Components.xproj", "{D7B4936B-78DE-4372-ADB7-51D9A0CC4406}"
EndProject
Project("{8BB2217D-0F2D-49D1-97BC-3654ED321F3B}") = "Ubik.Web.BuildingBlocks", "src\Ubik.Web.BuildingBlocks\Ubik.Web.BuildingBlocks.xproj", "{1DA6CA44-2041-454C-91A8-5A7AB9308FB9}"
EndProject
Project("{8BB2217D-0F2D-49D1-97BC-3654ED321F3B}") = "Ubik.Web.Membership", "src\Ubik.Web.Membership\Ubik.Web.Membership.xproj", "{E9FBF725-9EEF-406B-93A0-CBD63F72AF06}"
EndProject
Project("{8BB2217D-0F2D-49D1-97BC-3654ED321F3B}") = "Ubik.Web.EF", "src\Ubik.Web.EF\Ubik.Web.EF.xproj", "{1ECAAD46-2784-4EEE-A1A5-C3B5BDA6F24A}"
EndProject
Project("{8BB2217D-0F2D-49D1-97BC-3654ED321F3B}") = "Ubik.Web.Components.AntiCorruption", "src\Ubik.Web.Components.AntiCorruption\Ubik.Web.Components.AntiCorruption.xproj", "{913231D8-35FF-4BF7-8587-02399C115F15}"
EndProject
Project("{00D1A9C2-B5F0-4AF3-8072-F6C62B433612}") = "Ubik.MsSql.Auth", "src\Ubik.MsSql.Auth\Ubik.MsSql.Auth.sqlproj", "{9EE19AEB-C89A-4ADA-BBEC-2594DFA2A7C1}"
EndProject
Project("{00D1A9C2-B5F0-4AF3-8072-F6C62B433612}") = "Ubik.MsSql.Cms", "src\Ubik.MsSql.Cms\Ubik.MsSql.Cms.sqlproj", "{F9FCD3B7-DB45-4456-B48B-B8773D7C8DB4}"
EndProject
Project("{8BB2217D-0F2D-49D1-97BC-3654ED321F3B}") = "Ubik.Web.Client.System", "src\Ubik.Web.Client.System\Ubik.Web.Client.System.xproj", "{17D15A5A-8DF0-43CD-9136-B2AF37B33AFC}"
EndProject
Project("{8BB2217D-0F2D-49D1-97BC-3654ED321F3B}") = "Ubik.Web.Client.Backoffice", "src\Ubik.Web.Client.Backoffice\Ubik.Web.Client.Backoffice.xproj", "{600B65AC-E584-4CE7-8BE1-B325F3A2A000}"
EndProject
Project("{8BB2217D-0F2D-49D1-97BC-3654ED321F3B}") = "Ubik.MVC6", "src\Ubik.MVC6\Ubik.MVC6.xproj", "{76CF6B46-3639-4AAF-8FA2-2A5D19CB638A}"
EndProject
Project("{2150E333-8FDC-42A3-9474-1A3956D46DE8}") = "Schemas", "Schemas", "{7469A6CE-1B96-4148-90D0-1B9DB97F679E}"
EndProject
Project("{2150E333-8FDC-42A3-9474-1A3956D46DE8}") = "Libs", "Libs", "{89B75DEC-B400-4694-A82C-8FF4D11F5679}"
EndProject
Project("{2150E333-8FDC-42A3-9474-1A3956D46DE8}") = "Framework", "Framework", "{52414D7B-D658-40AE-96D8-770A92362A66}"
EndProject
Project("{2150E333-8FDC-42A3-9474-1A3956D46DE8}") = "Client", "Client", "{2B217E2E-94F0-4238-9AB3-3862C7D05EDD}"
EndProject
Project("{2150E333-8FDC-42A3-9474-1A3956D46DE8}") = "test", "test", "{953FD521-7FE0-48ED-85E7-18852ECDB053}"
	ProjectSection(SolutionItems) = preProject
		test\Tests.txt = test\Tests.txt
	EndProjectSection
EndProject
Project("{2150E333-8FDC-42A3-9474-1A3956D46DE8}") = "relational", "relational", "{3EDD6C7D-33DD-4255-B851-6A51A092CDC8}"
EndProject
Project("{8BB2217D-0F2D-49D1-97BC-3654ED321F3B}") = "Ubik.Domain.Core", "src\Ubik.Domain.Core\Ubik.Domain.Core.xproj", "{A53D3B27-C1FD-4351-BFBB-98706484D4E9}"
EndProject
Project("{8BB2217D-0F2D-49D1-97BC-3654ED321F3B}") = "Ubik.Domain.Core.NServiceBus", "src\Ubik.Domain.Core.NServiceBus\Ubik.Domain.Core.NServiceBus.xproj", "{BE796647-588C-48A8-8151-AF3162116F55}"
EndProject
Project("{8BB2217D-0F2D-49D1-97BC-3654ED321F3B}") = "Ubik.Web.Client.Composition", "src\Ubik.Web.Client.Composition\Ubik.Web.Client.Composition.xproj", "{A37EA9EB-2DB6-4F98-A22F-C68ADEAD42EE}"
EndProject
Project("{00D1A9C2-B5F0-4AF3-8072-F6C62B433612}") = "Ubik.MsSql.Assets", "src\Ubik.MsSql.Assets\Ubik.MsSql.Assets.sqlproj", "{0DDD6A57-6124-4604-B8B1-474359B6E60F}"
EndProject
Project("{2150E333-8FDC-42A3-9474-1A3956D46DE8}") = "Assets", "Assets", "{EFA234C0-47E7-40F7-B465-63947D428228}"
EndProject
Project("{8BB2217D-0F2D-49D1-97BC-3654ED321F3B}") = "Ubik.Assets.Store.EF", "src\Ubik.Assets.Store.EF\Ubik.Assets.Store.EF.xproj", "{24DD76CB-86FC-4020-98C8-3DF586C2A968}"
EndProject
Global
	GlobalSection(SolutionConfigurationPlatforms) = preSolution
		Debug|Any CPU = Debug|Any CPU
		Release|Any CPU = Release|Any CPU
	EndGlobalSection
	GlobalSection(ProjectConfigurationPlatforms) = postSolution
		{B17137BA-A273-4C85-9638-977896360226}.Debug|Any CPU.ActiveCfg = Debug|Any CPU
		{B17137BA-A273-4C85-9638-977896360226}.Debug|Any CPU.Build.0 = Debug|Any CPU
		{B17137BA-A273-4C85-9638-977896360226}.Release|Any CPU.ActiveCfg = Release|Any CPU
		{B17137BA-A273-4C85-9638-977896360226}.Release|Any CPU.Build.0 = Release|Any CPU
		{CCCE4D1B-EE5C-42EA-98A8-90377F1464E0}.Debug|Any CPU.ActiveCfg = Debug|Any CPU
		{CCCE4D1B-EE5C-42EA-98A8-90377F1464E0}.Debug|Any CPU.Build.0 = Debug|Any CPU
		{CCCE4D1B-EE5C-42EA-98A8-90377F1464E0}.Release|Any CPU.ActiveCfg = Release|Any CPU
		{CCCE4D1B-EE5C-42EA-98A8-90377F1464E0}.Release|Any CPU.Build.0 = Release|Any CPU
		{73DA9BCB-222B-4D43-A22E-852FBEDC9DD8}.Debug|Any CPU.ActiveCfg = Debug|Any CPU
		{73DA9BCB-222B-4D43-A22E-852FBEDC9DD8}.Debug|Any CPU.Build.0 = Debug|Any CPU
		{73DA9BCB-222B-4D43-A22E-852FBEDC9DD8}.Release|Any CPU.ActiveCfg = Release|Any CPU
		{73DA9BCB-222B-4D43-A22E-852FBEDC9DD8}.Release|Any CPU.Build.0 = Release|Any CPU
		{BE6CC8F2-2489-4A90-BB23-549D4FF4BCC7}.Debug|Any CPU.ActiveCfg = Debug|Any CPU
		{BE6CC8F2-2489-4A90-BB23-549D4FF4BCC7}.Debug|Any CPU.Build.0 = Debug|Any CPU
		{BE6CC8F2-2489-4A90-BB23-549D4FF4BCC7}.Release|Any CPU.ActiveCfg = Release|Any CPU
		{BE6CC8F2-2489-4A90-BB23-549D4FF4BCC7}.Release|Any CPU.Build.0 = Release|Any CPU
		{D7B4936B-78DE-4372-ADB7-51D9A0CC4406}.Debug|Any CPU.ActiveCfg = Debug|Any CPU
		{D7B4936B-78DE-4372-ADB7-51D9A0CC4406}.Debug|Any CPU.Build.0 = Debug|Any CPU
		{D7B4936B-78DE-4372-ADB7-51D9A0CC4406}.Release|Any CPU.ActiveCfg = Release|Any CPU
		{D7B4936B-78DE-4372-ADB7-51D9A0CC4406}.Release|Any CPU.Build.0 = Release|Any CPU
		{1DA6CA44-2041-454C-91A8-5A7AB9308FB9}.Debug|Any CPU.ActiveCfg = Debug|Any CPU
		{1DA6CA44-2041-454C-91A8-5A7AB9308FB9}.Debug|Any CPU.Build.0 = Debug|Any CPU
		{1DA6CA44-2041-454C-91A8-5A7AB9308FB9}.Release|Any CPU.ActiveCfg = Release|Any CPU
		{1DA6CA44-2041-454C-91A8-5A7AB9308FB9}.Release|Any CPU.Build.0 = Release|Any CPU
		{E9FBF725-9EEF-406B-93A0-CBD63F72AF06}.Debug|Any CPU.ActiveCfg = Debug|Any CPU
		{E9FBF725-9EEF-406B-93A0-CBD63F72AF06}.Debug|Any CPU.Build.0 = Debug|Any CPU
		{E9FBF725-9EEF-406B-93A0-CBD63F72AF06}.Release|Any CPU.ActiveCfg = Release|Any CPU
		{E9FBF725-9EEF-406B-93A0-CBD63F72AF06}.Release|Any CPU.Build.0 = Release|Any CPU
		{1ECAAD46-2784-4EEE-A1A5-C3B5BDA6F24A}.Debug|Any CPU.ActiveCfg = Debug|Any CPU
		{1ECAAD46-2784-4EEE-A1A5-C3B5BDA6F24A}.Debug|Any CPU.Build.0 = Debug|Any CPU
		{1ECAAD46-2784-4EEE-A1A5-C3B5BDA6F24A}.Release|Any CPU.ActiveCfg = Release|Any CPU
		{1ECAAD46-2784-4EEE-A1A5-C3B5BDA6F24A}.Release|Any CPU.Build.0 = Release|Any CPU
		{913231D8-35FF-4BF7-8587-02399C115F15}.Debug|Any CPU.ActiveCfg = Debug|Any CPU
		{913231D8-35FF-4BF7-8587-02399C115F15}.Debug|Any CPU.Build.0 = Debug|Any CPU
		{913231D8-35FF-4BF7-8587-02399C115F15}.Release|Any CPU.ActiveCfg = Release|Any CPU
		{913231D8-35FF-4BF7-8587-02399C115F15}.Release|Any CPU.Build.0 = Release|Any CPU
		{9EE19AEB-C89A-4ADA-BBEC-2594DFA2A7C1}.Debug|Any CPU.ActiveCfg = Debug|Any CPU
		{9EE19AEB-C89A-4ADA-BBEC-2594DFA2A7C1}.Debug|Any CPU.Build.0 = Debug|Any CPU
		{9EE19AEB-C89A-4ADA-BBEC-2594DFA2A7C1}.Debug|Any CPU.Deploy.0 = Debug|Any CPU
		{9EE19AEB-C89A-4ADA-BBEC-2594DFA2A7C1}.Release|Any CPU.ActiveCfg = Release|Any CPU
		{9EE19AEB-C89A-4ADA-BBEC-2594DFA2A7C1}.Release|Any CPU.Build.0 = Release|Any CPU
		{9EE19AEB-C89A-4ADA-BBEC-2594DFA2A7C1}.Release|Any CPU.Deploy.0 = Release|Any CPU
		{F9FCD3B7-DB45-4456-B48B-B8773D7C8DB4}.Debug|Any CPU.ActiveCfg = Debug|Any CPU
		{F9FCD3B7-DB45-4456-B48B-B8773D7C8DB4}.Debug|Any CPU.Build.0 = Debug|Any CPU
		{F9FCD3B7-DB45-4456-B48B-B8773D7C8DB4}.Debug|Any CPU.Deploy.0 = Debug|Any CPU
		{F9FCD3B7-DB45-4456-B48B-B8773D7C8DB4}.Release|Any CPU.ActiveCfg = Release|Any CPU
		{F9FCD3B7-DB45-4456-B48B-B8773D7C8DB4}.Release|Any CPU.Build.0 = Release|Any CPU
		{F9FCD3B7-DB45-4456-B48B-B8773D7C8DB4}.Release|Any CPU.Deploy.0 = Release|Any CPU
		{17D15A5A-8DF0-43CD-9136-B2AF37B33AFC}.Debug|Any CPU.ActiveCfg = Debug|Any CPU
		{17D15A5A-8DF0-43CD-9136-B2AF37B33AFC}.Debug|Any CPU.Build.0 = Debug|Any CPU
		{17D15A5A-8DF0-43CD-9136-B2AF37B33AFC}.Release|Any CPU.ActiveCfg = Release|Any CPU
		{17D15A5A-8DF0-43CD-9136-B2AF37B33AFC}.Release|Any CPU.Build.0 = Release|Any CPU
		{600B65AC-E584-4CE7-8BE1-B325F3A2A000}.Debug|Any CPU.ActiveCfg = Debug|Any CPU
		{600B65AC-E584-4CE7-8BE1-B325F3A2A000}.Debug|Any CPU.Build.0 = Debug|Any CPU
		{600B65AC-E584-4CE7-8BE1-B325F3A2A000}.Release|Any CPU.ActiveCfg = Release|Any CPU
		{600B65AC-E584-4CE7-8BE1-B325F3A2A000}.Release|Any CPU.Build.0 = Release|Any CPU
		{76CF6B46-3639-4AAF-8FA2-2A5D19CB638A}.Debug|Any CPU.ActiveCfg = Debug|Any CPU
		{76CF6B46-3639-4AAF-8FA2-2A5D19CB638A}.Debug|Any CPU.Build.0 = Debug|Any CPU
		{76CF6B46-3639-4AAF-8FA2-2A5D19CB638A}.Release|Any CPU.ActiveCfg = Release|Any CPU
		{76CF6B46-3639-4AAF-8FA2-2A5D19CB638A}.Release|Any CPU.Build.0 = Release|Any CPU
		{A53D3B27-C1FD-4351-BFBB-98706484D4E9}.Debug|Any CPU.ActiveCfg = Debug|Any CPU
		{A53D3B27-C1FD-4351-BFBB-98706484D4E9}.Debug|Any CPU.Build.0 = Debug|Any CPU
		{A53D3B27-C1FD-4351-BFBB-98706484D4E9}.Release|Any CPU.ActiveCfg = Release|Any CPU
		{A53D3B27-C1FD-4351-BFBB-98706484D4E9}.Release|Any CPU.Build.0 = Release|Any CPU
		{BE796647-588C-48A8-8151-AF3162116F55}.Debug|Any CPU.ActiveCfg = Debug|Any CPU
		{BE796647-588C-48A8-8151-AF3162116F55}.Debug|Any CPU.Build.0 = Debug|Any CPU
		{BE796647-588C-48A8-8151-AF3162116F55}.Release|Any CPU.ActiveCfg = Release|Any CPU
		{BE796647-588C-48A8-8151-AF3162116F55}.Release|Any CPU.Build.0 = Release|Any CPU
		{A37EA9EB-2DB6-4F98-A22F-C68ADEAD42EE}.Debug|Any CPU.ActiveCfg = Debug|Any CPU
		{A37EA9EB-2DB6-4F98-A22F-C68ADEAD42EE}.Debug|Any CPU.Build.0 = Debug|Any CPU
		{A37EA9EB-2DB6-4F98-A22F-C68ADEAD42EE}.Release|Any CPU.ActiveCfg = Release|Any CPU
		{A37EA9EB-2DB6-4F98-A22F-C68ADEAD42EE}.Release|Any CPU.Build.0 = Release|Any CPU
		{0DDD6A57-6124-4604-B8B1-474359B6E60F}.Debug|Any CPU.ActiveCfg = Debug|Any CPU
		{0DDD6A57-6124-4604-B8B1-474359B6E60F}.Debug|Any CPU.Build.0 = Debug|Any CPU
		{0DDD6A57-6124-4604-B8B1-474359B6E60F}.Debug|Any CPU.Deploy.0 = Debug|Any CPU
		{0DDD6A57-6124-4604-B8B1-474359B6E60F}.Release|Any CPU.ActiveCfg = Release|Any CPU
		{0DDD6A57-6124-4604-B8B1-474359B6E60F}.Release|Any CPU.Build.0 = Release|Any CPU
		{0DDD6A57-6124-4604-B8B1-474359B6E60F}.Release|Any CPU.Deploy.0 = Release|Any CPU
		{24DD76CB-86FC-4020-98C8-3DF586C2A968}.Debug|Any CPU.ActiveCfg = Debug|Any CPU
		{24DD76CB-86FC-4020-98C8-3DF586C2A968}.Debug|Any CPU.Build.0 = Debug|Any CPU
		{24DD76CB-86FC-4020-98C8-3DF586C2A968}.Release|Any CPU.ActiveCfg = Release|Any CPU
		{24DD76CB-86FC-4020-98C8-3DF586C2A968}.Release|Any CPU.Build.0 = Release|Any CPU
	EndGlobalSection
	GlobalSection(SolutionProperties) = preSolution
		HideSolutionNode = FALSE
	EndGlobalSection
	GlobalSection(NestedProjects) = preSolution
		{B17137BA-A273-4C85-9638-977896360226} = {89B75DEC-B400-4694-A82C-8FF4D11F5679}
		{CCCE4D1B-EE5C-42EA-98A8-90377F1464E0} = {89B75DEC-B400-4694-A82C-8FF4D11F5679}
		{73DA9BCB-222B-4D43-A22E-852FBEDC9DD8} = {89B75DEC-B400-4694-A82C-8FF4D11F5679}
		{BE6CC8F2-2489-4A90-BB23-549D4FF4BCC7} = {52414D7B-D658-40AE-96D8-770A92362A66}
		{D7B4936B-78DE-4372-ADB7-51D9A0CC4406} = {52414D7B-D658-40AE-96D8-770A92362A66}
		{1DA6CA44-2041-454C-91A8-5A7AB9308FB9} = {52414D7B-D658-40AE-96D8-770A92362A66}
		{E9FBF725-9EEF-406B-93A0-CBD63F72AF06} = {52414D7B-D658-40AE-96D8-770A92362A66}
		{1ECAAD46-2784-4EEE-A1A5-C3B5BDA6F24A} = {52414D7B-D658-40AE-96D8-770A92362A66}
		{913231D8-35FF-4BF7-8587-02399C115F15} = {52414D7B-D658-40AE-96D8-770A92362A66}
		{9EE19AEB-C89A-4ADA-BBEC-2594DFA2A7C1} = {7469A6CE-1B96-4148-90D0-1B9DB97F679E}
		{F9FCD3B7-DB45-4456-B48B-B8773D7C8DB4} = {7469A6CE-1B96-4148-90D0-1B9DB97F679E}
		{17D15A5A-8DF0-43CD-9136-B2AF37B33AFC} = {2B217E2E-94F0-4238-9AB3-3862C7D05EDD}
		{600B65AC-E584-4CE7-8BE1-B325F3A2A000} = {2B217E2E-94F0-4238-9AB3-3862C7D05EDD}
		{76CF6B46-3639-4AAF-8FA2-2A5D19CB638A} = {14285CEC-1AAE-4496-8C11-64E71D06A77D}
		{7469A6CE-1B96-4148-90D0-1B9DB97F679E} = {3EDD6C7D-33DD-4255-B851-6A51A092CDC8}
		{89B75DEC-B400-4694-A82C-8FF4D11F5679} = {14285CEC-1AAE-4496-8C11-64E71D06A77D}
		{52414D7B-D658-40AE-96D8-770A92362A66} = {14285CEC-1AAE-4496-8C11-64E71D06A77D}
		{2B217E2E-94F0-4238-9AB3-3862C7D05EDD} = {14285CEC-1AAE-4496-8C11-64E71D06A77D}
		{A53D3B27-C1FD-4351-BFBB-98706484D4E9} = {89B75DEC-B400-4694-A82C-8FF4D11F5679}
		{BE796647-588C-48A8-8151-AF3162116F55} = {89B75DEC-B400-4694-A82C-8FF4D11F5679}
		{A37EA9EB-2DB6-4F98-A22F-C68ADEAD42EE} = {2B217E2E-94F0-4238-9AB3-3862C7D05EDD}
		{0DDD6A57-6124-4604-B8B1-474359B6E60F} = {7469A6CE-1B96-4148-90D0-1B9DB97F679E}
		{EFA234C0-47E7-40F7-B465-63947D428228} = {14285CEC-1AAE-4496-8C11-64E71D06A77D}
		{24DD76CB-86FC-4020-98C8-3DF586C2A968} = {EFA234C0-47E7-40F7-B465-63947D428228}
	EndGlobalSection
EndGlobal
